
Microsoft Visual Studio Solution File, Format Version 12.00
# Visual Studio 2012
Project("{FAE04EC0-301F-11D3-BF4B-00C04F79EFBC}") = "AluraNtricao", "AluraNtricao\AluraNtricao.csproj", "{17A2A45A-D631-4A59-AAEF-9CAF7609C740}"
EndProject
Project("{FAE04EC0-301F-11D3-BF4B-00C04F79EFBC}") = "AluraNtricao.iOS", "iOS\AluraNtricao.iOS.csproj", "{FD0A2457-A11A-49AC-BA23-7FA76116219A}"
EndProject
Project("{FAE04EC0-301F-11D3-BF4B-00C04F79EFBC}") = "AluraNtricao.Droid", "Droid\AluraNtricao.Droid.csproj", "{A8D64755-72F8-4173-8F7B-40A1FD26A9D7}"
EndProject
Global
	GlobalSection(SolutionConfigurationPlatforms) = preSolution
		Debug|Any CPU = Debug|Any CPU
		Release|Any CPU = Release|Any CPU
		Debug|iPhoneSimulator = Debug|iPhoneSimulator
		Release|iPhone = Release|iPhone
		Release|iPhoneSimulator = Release|iPhoneSimulator
		Debug|iPhone = Debug|iPhone
	EndGlobalSection
	GlobalSection(ProjectConfigurationPlatforms) = postSolution
		{17A2A45A-D631-4A59-AAEF-9CAF7609C740}.Debug|Any CPU.ActiveCfg = Debug|Any CPU
		{17A2A45A-D631-4A59-AAEF-9CAF7609C740}.Debug|Any CPU.Build.0 = Debug|Any CPU
		{17A2A45A-D631-4A59-AAEF-9CAF7609C740}.Release|Any CPU.ActiveCfg = Release|Any CPU
		{17A2A45A-D631-4A59-AAEF-9CAF7609C740}.Release|Any CPU.Build.0 = Release|Any CPU
		{17A2A45A-D631-4A59-AAEF-9CAF7609C740}.Debug|iPhoneSimulator.ActiveCfg = Debug|Any CPU
		{17A2A45A-D631-4A59-AAEF-9CAF7609C740}.Debug|iPhoneSimulator.Build.0 = Debug|Any CPU
		{17A2A45A-D631-4A59-AAEF-9CAF7609C740}.Release|iPhone.ActiveCfg = Release|Any CPU
		{17A2A45A-D631-4A59-AAEF-9CAF7609C740}.Release|iPhone.Build.0 = Release|Any CPU
		{17A2A45A-D631-4A59-AAEF-9CAF7609C740}.Release|iPhoneSimulator.ActiveCfg = Release|Any CPU
		{17A2A45A-D631-4A59-AAEF-9CAF7609C740}.Release|iPhoneSimulator.Build.0 = Release|Any CPU
		{17A2A45A-D631-4A59-AAEF-9CAF7609C740}.Debug|iPhone.ActiveCfg = Debug|Any CPU
		{17A2A45A-D631-4A59-AAEF-9CAF7609C740}.Debug|iPhone.Build.0 = Debug|Any CPU
		{FD0A2457-A11A-49AC-BA23-7FA76116219A}.Debug|Any CPU.ActiveCfg = Debug|iPhoneSimulator
		{FD0A2457-A11A-49AC-BA23-7FA76116219A}.Debug|Any CPU.Build.0 = Debug|iPhoneSimulator
		{FD0A2457-A11A-49AC-BA23-7FA76116219A}.Release|Any CPU.ActiveCfg = Debug|iPhoneSimulator
		{FD0A2457-A11A-49AC-BA23-7FA76116219A}.Release|Any CPU.Build.0 = Debug|iPhoneSimulator
		{FD0A2457-A11A-49AC-BA23-7FA76116219A}.Debug|iPhoneSimulator.ActiveCfg = Debug|iPhoneSimulator
		{FD0A2457-A11A-49AC-BA23-7FA76116219A}.Debug|iPhoneSimulator.Build.0 = Debug|iPhoneSimulator
		{FD0A2457-A11A-49AC-BA23-7FA76116219A}.Release|iPhone.ActiveCfg = Release|iPhone
		{FD0A2457-A11A-49AC-BA23-7FA76116219A}.Release|iPhone.Build.0 = Release|iPhone
		{FD0A2457-A11A-49AC-BA23-7FA76116219A}.Release|iPhoneSimulator.ActiveCfg = Release|iPhoneSimulator
		{FD0A2457-A11A-49AC-BA23-7FA76116219A}.Release|iPhoneSimulator.Build.0 = Release|iPhoneSimulator
		{FD0A2457-A11A-49AC-BA23-7FA76116219A}.Debug|iPhone.ActiveCfg = Debug|iPhone
		{FD0A2457-A11A-49AC-BA23-7FA76116219A}.Debug|iPhone.Build.0 = Debug|iPhone
		{A8D64755-72F8-4173-8F7B-40A1FD26A9D7}.Debug|Any CPU.ActiveCfg = Debug|Any CPU
		{A8D64755-72F8-4173-8F7B-40A1FD26A9D7}.Debug|Any CPU.Build.0 = Debug|Any CPU
		{A8D64755-72F8-4173-8F7B-40A1FD26A9D7}.Release|Any CPU.ActiveCfg = Release|Any CPU
		{A8D64755-72F8-4173-8F7B-40A1FD26A9D7}.Release|Any CPU.Build.0 = Release|Any CPU
		{A8D64755-72F8-4173-8F7B-40A1FD26A9D7}.Debug|iPhoneSimulator.ActiveCfg = Debug|Any CPU
		{A8D64755-72F8-4173-8F7B-40A1FD26A9D7}.Debug|iPhoneSimulator.Build.0 = Debug|Any CPU
		{A8D64755-72F8-4173-8F7B-40A1FD26A9D7}.Release|iPhone.ActiveCfg = Release|Any CPU
		{A8D64755-72F8-4173-8F7B-40A1FD26A9D7}.Release|iPhone.Build.0 = Release|Any CPU
		{A8D64755-72F8-4173-8F7B-40A1FD26A9D7}.Release|iPhoneSimulator.ActiveCfg = Release|Any CPU
		{A8D64755-72F8-4173-8F7B-40A1FD26A9D7}.Release|iPhoneSimulator.Build.0 = Release|Any CPU
		{A8D64755-72F8-4173-8F7B-40A1FD26A9D7}.Debug|iPhone.ActiveCfg = Debug|Any CPU
		{A8D64755-72F8-4173-8F7B-40A1FD26A9D7}.Debug|iPhone.Build.0 = Debug|Any CPU
	EndGlobalSection
EndGlobal
